
Microsoft Visual Studio Solution File, Format Version 12.00
# Visual Studio 15
VisualStudioVersion = 15.0.28307.489
MinimumVisualStudioVersion = 10.0.40219.1
Project("{FAE04EC0-301F-11D3-BF4B-00C04F79EFBC}") = "knockout-product", "knockout-product\knockout-product.csproj", "{21C60DB0-69D7-44F0-9470-AFE85B09C871}"
EndProject
Project("{FAE04EC0-301F-11D3-BF4B-00C04F79EFBC}") = "ko-back", "ko-back\ko-back.csproj", "{CE21245A-37BA-4EFA-83CB-EEC3085AE26B}"
EndProject
Global
	GlobalSection(SolutionConfigurationPlatforms) = preSolution
		Debug|Any CPU = Debug|Any CPU
		Release|Any CPU = Release|Any CPU
	EndGlobalSection
	GlobalSection(ProjectConfigurationPlatforms) = postSolution
		{21C60DB0-69D7-44F0-9470-AFE85B09C871}.Debug|Any CPU.ActiveCfg = Debug|Any CPU
		{21C60DB0-69D7-44F0-9470-AFE85B09C871}.Debug|Any CPU.Build.0 = Debug|Any CPU
		{21C60DB0-69D7-44F0-9470-AFE85B09C871}.Release|Any CPU.ActiveCfg = Release|Any CPU
		{21C60DB0-69D7-44F0-9470-AFE85B09C871}.Release|Any CPU.Build.0 = Release|Any CPU
		{CE21245A-37BA-4EFA-83CB-EEC3085AE26B}.Debug|Any CPU.ActiveCfg = Debug|Any CPU
		{CE21245A-37BA-4EFA-83CB-EEC3085AE26B}.Debug|Any CPU.Build.0 = Debug|Any CPU
		{CE21245A-37BA-4EFA-83CB-EEC3085AE26B}.Release|Any CPU.ActiveCfg = Release|Any CPU
		{CE21245A-37BA-4EFA-83CB-EEC3085AE26B}.Release|Any CPU.Build.0 = Release|Any CPU
	EndGlobalSection
	GlobalSection(SolutionProperties) = preSolution
		HideSolutionNode = FALSE
	EndGlobalSection
	GlobalSection(ExtensibilityGlobals) = postSolution
		SolutionGuid = {9A0887E7-4C5B-44B7-A43D-3EC4B53BFC9D}
	EndGlobalSection
EndGlobal
